
Microsoft Visual Studio Solution File, Format Version 12.00
# Visual Studio 2013
VisualStudioVersion = 12.0.21005.1
MinimumVisualStudioVersion = 10.0.40219.1
Project("{FAE04EC0-301F-11D3-BF4B-00C04F79EFBC}") = "CodeGenerate", "CodeGenerate\CodeGenerate.csproj", "{1D93C713-70B1-4572-BF02-2C9703E64E55}"
EndProject
Project("{FAE04EC0-301F-11D3-BF4B-00C04F79EFBC}") = "xmldocment", "xmldocment\xmldocment.csproj", "{A819C8F0-180A-4BC3-A011-2401273BE5AA}"
EndProject
Project("{FAE04EC0-301F-11D3-BF4B-00C04F79EFBC}") = "BaseLibrary", "BaseLibrary\BaseLibrary.csproj", "{AEE9506D-CE32-48B4-9D89-DD97F8D6A54A}"
EndProject
Project("{FAE04EC0-301F-11D3-BF4B-00C04F79EFBC}") = "CssManager", "CssManager\CssManager.csproj", "{58BD6E68-3C1A-425A-9C7A-F3655A1281A2}"
EndProject
Project("{FAE04EC0-301F-11D3-BF4B-00C04F79EFBC}") = "DTDManager", "DTDManager\DTDManager.csproj", "{6BEDDE85-8BF5-44BB-A531-55C2275DA079}"
EndProject
Project("{FAE04EC0-301F-11D3-BF4B-00C04F79EFBC}") = "MvvmExample", "MvvmExample\MvvmExample.csproj", "{845FA2B6-500A-4757-A398-D0E7FDBEE2B5}"
EndProject
Global
	GlobalSection(SolutionConfigurationPlatforms) = preSolution
		Debug|Any CPU = Debug|Any CPU
		Debug|Mixed Platforms = Debug|Mixed Platforms
		Debug|x86 = Debug|x86
		Release|Any CPU = Release|Any CPU
		Release|Mixed Platforms = Release|Mixed Platforms
		Release|x86 = Release|x86
	EndGlobalSection
	GlobalSection(ProjectConfigurationPlatforms) = postSolution
		{1D93C713-70B1-4572-BF02-2C9703E64E55}.Debug|Any CPU.ActiveCfg = Debug|Any CPU
		{1D93C713-70B1-4572-BF02-2C9703E64E55}.Debug|Any CPU.Build.0 = Debug|Any CPU
		{1D93C713-70B1-4572-BF02-2C9703E64E55}.Debug|Mixed Platforms.ActiveCfg = Debug|Any CPU
		{1D93C713-70B1-4572-BF02-2C9703E64E55}.Debug|Mixed Platforms.Build.0 = Debug|Any CPU
		{1D93C713-70B1-4572-BF02-2C9703E64E55}.Debug|x86.ActiveCfg = Debug|Any CPU
		{1D93C713-70B1-4572-BF02-2C9703E64E55}.Release|Any CPU.ActiveCfg = Release|Any CPU
		{1D93C713-70B1-4572-BF02-2C9703E64E55}.Release|Any CPU.Build.0 = Release|Any CPU
		{1D93C713-70B1-4572-BF02-2C9703E64E55}.Release|Mixed Platforms.ActiveCfg = Release|Any CPU
		{1D93C713-70B1-4572-BF02-2C9703E64E55}.Release|Mixed Platforms.Build.0 = Release|Any CPU
		{1D93C713-70B1-4572-BF02-2C9703E64E55}.Release|x86.ActiveCfg = Release|Any CPU
		{A819C8F0-180A-4BC3-A011-2401273BE5AA}.Debug|Any CPU.ActiveCfg = Debug|Any CPU
		{A819C8F0-180A-4BC3-A011-2401273BE5AA}.Debug|Any CPU.Build.0 = Debug|Any CPU
		{A819C8F0-180A-4BC3-A011-2401273BE5AA}.Debug|Mixed Platforms.ActiveCfg = Debug|Any CPU
		{A819C8F0-180A-4BC3-A011-2401273BE5AA}.Debug|Mixed Platforms.Build.0 = Debug|Any CPU
		{A819C8F0-180A-4BC3-A011-2401273BE5AA}.Debug|x86.ActiveCfg = Debug|Any CPU
		{A819C8F0-180A-4BC3-A011-2401273BE5AA}.Release|Any CPU.ActiveCfg = Release|Any CPU
		{A819C8F0-180A-4BC3-A011-2401273BE5AA}.Release|Any CPU.Build.0 = Release|Any CPU
		{A819C8F0-180A-4BC3-A011-2401273BE5AA}.Release|Mixed Platforms.ActiveCfg = Release|Any CPU
		{A819C8F0-180A-4BC3-A011-2401273BE5AA}.Release|Mixed Platforms.Build.0 = Release|Any CPU
		{A819C8F0-180A-4BC3-A011-2401273BE5AA}.Release|x86.ActiveCfg = Release|Any CPU
		{AEE9506D-CE32-48B4-9D89-DD97F8D6A54A}.Debug|Any CPU.ActiveCfg = Debug|Any CPU
		{AEE9506D-CE32-48B4-9D89-DD97F8D6A54A}.Debug|Any CPU.Build.0 = Debug|Any CPU
		{AEE9506D-CE32-48B4-9D89-DD97F8D6A54A}.Debug|Mixed Platforms.ActiveCfg = Debug|Any CPU
		{AEE9506D-CE32-48B4-9D89-DD97F8D6A54A}.Debug|Mixed Platforms.Build.0 = Debug|Any CPU
		{AEE9506D-CE32-48B4-9D89-DD97F8D6A54A}.Debug|x86.ActiveCfg = Debug|Any CPU
		{AEE9506D-CE32-48B4-9D89-DD97F8D6A54A}.Release|Any CPU.ActiveCfg = Release|Any CPU
		{AEE9506D-CE32-48B4-9D89-DD97F8D6A54A}.Release|Any CPU.Build.0 = Release|Any CPU
		{AEE9506D-CE32-48B4-9D89-DD97F8D6A54A}.Release|Mixed Platforms.ActiveCfg = Release|Any CPU
		{AEE9506D-CE32-48B4-9D89-DD97F8D6A54A}.Release|Mixed Platforms.Build.0 = Release|Any CPU
		{AEE9506D-CE32-48B4-9D89-DD97F8D6A54A}.Release|x86.ActiveCfg = Release|Any CPU
		{58BD6E68-3C1A-425A-9C7A-F3655A1281A2}.Debug|Any CPU.ActiveCfg = Debug|Any CPU
		{58BD6E68-3C1A-425A-9C7A-F3655A1281A2}.Debug|Any CPU.Build.0 = Debug|Any CPU
		{58BD6E68-3C1A-425A-9C7A-F3655A1281A2}.Debug|Mixed Platforms.ActiveCfg = Debug|Any CPU
		{58BD6E68-3C1A-425A-9C7A-F3655A1281A2}.Debug|Mixed Platforms.Build.0 = Debug|Any CPU
		{58BD6E68-3C1A-425A-9C7A-F3655A1281A2}.Debug|x86.ActiveCfg = Debug|Any CPU
		{58BD6E68-3C1A-425A-9C7A-F3655A1281A2}.Release|Any CPU.ActiveCfg = Release|Any CPU
		{58BD6E68-3C1A-425A-9C7A-F3655A1281A2}.Release|Any CPU.Build.0 = Release|Any CPU
		{58BD6E68-3C1A-425A-9C7A-F3655A1281A2}.Release|Mixed Platforms.ActiveCfg = Release|Any CPU
		{58BD6E68-3C1A-425A-9C7A-F3655A1281A2}.Release|Mixed Platforms.Build.0 = Release|Any CPU
		{58BD6E68-3C1A-425A-9C7A-F3655A1281A2}.Release|x86.ActiveCfg = Release|Any CPU
		{6BEDDE85-8BF5-44BB-A531-55C2275DA079}.Debug|Any CPU.ActiveCfg = Debug|Any CPU
		{6BEDDE85-8BF5-44BB-A531-55C2275DA079}.Debug|Any CPU.Build.0 = Debug|Any CPU
		{6BEDDE85-8BF5-44BB-A531-55C2275DA079}.Debug|Mixed Platforms.ActiveCfg = Debug|Any CPU
		{6BEDDE85-8BF5-44BB-A531-55C2275DA079}.Debug|Mixed Platforms.Build.0 = Debug|Any CPU
		{6BEDDE85-8BF5-44BB-A531-55C2275DA079}.Debug|x86.ActiveCfg = Debug|Any CPU
		{6BEDDE85-8BF5-44BB-A531-55C2275DA079}.Release|Any CPU.ActiveCfg = Release|Any CPU
		{6BEDDE85-8BF5-44BB-A531-55C2275DA079}.Release|Any CPU.Build.0 = Release|Any CPU
		{6BEDDE85-8BF5-44BB-A531-55C2275DA079}.Release|Mixed Platforms.ActiveCfg = Release|Any CPU
		{6BEDDE85-8BF5-44BB-A531-55C2275DA079}.Release|Mixed Platforms.Build.0 = Release|Any CPU
		{6BEDDE85-8BF5-44BB-A531-55C2275DA079}.Release|x86.ActiveCfg = Release|Any CPU
		{845FA2B6-500A-4757-A398-D0E7FDBEE2B5}.Debug|Any CPU.ActiveCfg = Debug|x86
		{845FA2B6-500A-4757-A398-D0E7FDBEE2B5}.Debug|Mixed Platforms.ActiveCfg = Debug|x86
		{845FA2B6-500A-4757-A398-D0E7FDBEE2B5}.Debug|Mixed Platforms.Build.0 = Debug|x86
		{845FA2B6-500A-4757-A398-D0E7FDBEE2B5}.Debug|x86.ActiveCfg = Debug|x86
		{845FA2B6-500A-4757-A398-D0E7FDBEE2B5}.Debug|x86.Build.0 = Debug|x86
		{845FA2B6-500A-4757-A398-D0E7FDBEE2B5}.Release|Any CPU.ActiveCfg = Release|x86
		{845FA2B6-500A-4757-A398-D0E7FDBEE2B5}.Release|Mixed Platforms.ActiveCfg = Release|x86
		{845FA2B6-500A-4757-A398-D0E7FDBEE2B5}.Release|Mixed Platforms.Build.0 = Release|x86
		{845FA2B6-500A-4757-A398-D0E7FDBEE2B5}.Release|x86.ActiveCfg = Release|x86
		{845FA2B6-500A-4757-A398-D0E7FDBEE2B5}.Release|x86.Build.0 = Release|x86
	EndGlobalSection
	GlobalSection(SolutionProperties) = preSolution
		HideSolutionNode = FALSE
	EndGlobalSection
EndGlobal
